
Microsoft Visual Studio Solution File, Format Version 12.00
# Visual Studio 15
VisualStudioVersion = 15.0.28307.329
MinimumVisualStudioVersion = 10.0.40219.1
Project("{9A19103F-16F7-4668-BE54-9A1E7A4F7556}") = "ip-cam-yolo-scanner", "ip-cam-yolo-scanner\ip-cam-yolo-scanner.csproj", "{C68383C6-5DC6-48B5-BA16-944BBED0D4EC}"
EndProject
Project("{9A19103F-16F7-4668-BE54-9A1E7A4F7556}") = "yolo", "Yolo\yolo.csproj", "{A98E2A6D-45FE-4C7C-B564-F3E23544FA6D}"
EndProject
Global
	GlobalSection(SolutionConfigurationPlatforms) = preSolution
		Debug|Any CPU = Debug|Any CPU
		Debug|x64 = Debug|x64
		Release|Any CPU = Release|Any CPU
		Release|x64 = Release|x64
	EndGlobalSection
	GlobalSection(ProjectConfigurationPlatforms) = postSolution
		{C68383C6-5DC6-48B5-BA16-944BBED0D4EC}.Debug|Any CPU.ActiveCfg = Debug|Any CPU
		{C68383C6-5DC6-48B5-BA16-944BBED0D4EC}.Debug|Any CPU.Build.0 = Debug|Any CPU
		{C68383C6-5DC6-48B5-BA16-944BBED0D4EC}.Debug|x64.ActiveCfg = Debug|Any CPU
		{C68383C6-5DC6-48B5-BA16-944BBED0D4EC}.Debug|x64.Build.0 = Debug|Any CPU
		{C68383C6-5DC6-48B5-BA16-944BBED0D4EC}.Release|Any CPU.ActiveCfg = Release|Any CPU
		{C68383C6-5DC6-48B5-BA16-944BBED0D4EC}.Release|Any CPU.Build.0 = Release|Any CPU
		{C68383C6-5DC6-48B5-BA16-944BBED0D4EC}.Release|x64.ActiveCfg = Release|Any CPU
		{C68383C6-5DC6-48B5-BA16-944BBED0D4EC}.Release|x64.Build.0 = Release|Any CPU
		{A98E2A6D-45FE-4C7C-B564-F3E23544FA6D}.Debug|Any CPU.ActiveCfg = Debug|Any CPU
		{A98E2A6D-45FE-4C7C-B564-F3E23544FA6D}.Debug|Any CPU.Build.0 = Debug|Any CPU
		{A98E2A6D-45FE-4C7C-B564-F3E23544FA6D}.Debug|x64.ActiveCfg = Debug|Any CPU
		{A98E2A6D-45FE-4C7C-B564-F3E23544FA6D}.Debug|x64.Build.0 = Debug|Any CPU
		{A98E2A6D-45FE-4C7C-B564-F3E23544FA6D}.Release|Any CPU.ActiveCfg = Release|Any CPU
		{A98E2A6D-45FE-4C7C-B564-F3E23544FA6D}.Release|Any CPU.Build.0 = Release|Any CPU
		{A98E2A6D-45FE-4C7C-B564-F3E23544FA6D}.Release|x64.ActiveCfg = Release|Any CPU
		{A98E2A6D-45FE-4C7C-B564-F3E23544FA6D}.Release|x64.Build.0 = Release|Any CPU
	EndGlobalSection
	GlobalSection(SolutionProperties) = preSolution
		HideSolutionNode = FALSE
	EndGlobalSection
	GlobalSection(ExtensibilityGlobals) = postSolution
		SolutionGuid = {2FD53515-DB5F-47D8-95BB-BDFCDDA03FF4}
	EndGlobalSection
EndGlobal
